
Microsoft Visual Studio Solution File, Format Version 12.00
# Visual Studio Version 17
VisualStudioVersion = 17.5.33516.290
MinimumVisualStudioVersion = 10.0.40219.1
Project("{F184B08F-C81C-45F6-A57F-5ABD9991F28F}") = "NET Text task 15032023", "NET Text task 15032023.vbproj", "{FA9BFA7D-F5EA-4A4C-B5B0-FB63F13A783B}"
EndProject
Global
	GlobalSection(SolutionConfigurationPlatforms) = preSolution
		Debug|Any CPU = Debug|Any CPU
		Release|Any CPU = Release|Any CPU
	EndGlobalSection
	GlobalSection(ProjectConfigurationPlatforms) = postSolution
		{FA9BFA7D-F5EA-4A4C-B5B0-FB63F13A783B}.Debug|Any CPU.ActiveCfg = Debug|Any CPU
		{FA9BFA7D-F5EA-4A4C-B5B0-FB63F13A783B}.Debug|Any CPU.Build.0 = Debug|Any CPU
		{FA9BFA7D-F5EA-4A4C-B5B0-FB63F13A783B}.Release|Any CPU.ActiveCfg = Release|Any CPU
		{FA9BFA7D-F5EA-4A4C-B5B0-FB63F13A783B}.Release|Any CPU.Build.0 = Release|Any CPU
	EndGlobalSection
	GlobalSection(SolutionProperties) = preSolution
		HideSolutionNode = FALSE
	EndGlobalSection
	GlobalSection(ExtensibilityGlobals) = postSolution
		SolutionGuid = {F9821DD0-533D-49C1-8EEA-0BF5CE53F392}
	EndGlobalSection
EndGlobal
